// !$*UTF8*$!
{
	archiveVersion = 1;
	classes = {
	};
	objectVersion = 55;
	objects = {

/* Begin PBXBuildFile section */
		5D7C601727F174B000C196F6 /* AppDelegate.swift in Sources */ = {isa = PBXBuildFile; fileRef = 5D7C601627F174B000C196F6 /* AppDelegate.swift */; };
		5D7C601927F174B000C196F6 /* SceneDelegate.swift in Sources */ = {isa = PBXBuildFile; fileRef = 5D7C601827F174B000C196F6 /* SceneDelegate.swift */; };
		5D7C602027F174B500C196F6 /* Assets.xcassets in Resources */ = {isa = PBXBuildFile; fileRef = 5D7C601F27F174B500C196F6 /* Assets.xcassets */; };
		5D7C602327F174B500C196F6 /* LaunchScreen.storyboard in Resources */ = {isa = PBXBuildFile; fileRef = 5D7C602127F174B500C196F6 /* LaunchScreen.storyboard */; };
		5D7C602E27F174B600C196F6 /* NYPLTests.swift in Sources */ = {isa = PBXBuildFile; fileRef = 5D7C602D27F174B600C196F6 /* NYPLTests.swift */; };
		5D7C603827F174B600C196F6 /* NYPLUITests.swift in Sources */ = {isa = PBXBuildFile; fileRef = 5D7C603727F174B600C196F6 /* NYPLUITests.swift */; };
		5D7C603A27F174B600C196F6 /* NYPLUITestsLaunchTests.swift in Sources */ = {isa = PBXBuildFile; fileRef = 5D7C603927F174B600C196F6 /* NYPLUITestsLaunchTests.swift */; };
		5D7C604C27F2B71400C196F6 /* BookResponse.swift in Sources */ = {isa = PBXBuildFile; fileRef = 5D7C604B27F2B71400C196F6 /* BookResponse.swift */; };
		5D7C604E27F2B75000C196F6 /* NetworkError.swift in Sources */ = {isa = PBXBuildFile; fileRef = 5D7C604D27F2B75000C196F6 /* NetworkError.swift */; };
		5D7C605027F2B79900C196F6 /* NetworkService.swift in Sources */ = {isa = PBXBuildFile; fileRef = 5D7C604F27F2B79900C196F6 /* NetworkService.swift */; };
		5D7C606327F2D3D000C196F6 /* XCTestCase+Extentions.swift in Sources */ = {isa = PBXBuildFile; fileRef = 5D7C606227F2D3D000C196F6 /* XCTestCase+Extentions.swift */; };
		5D7C606627F2D43500C196F6 /* books.json in Resources */ = {isa = PBXBuildFile; fileRef = 5D7C606527F2D43500C196F6 /* books.json */; };
		5D7C606827F2D4C000C196F6 /* MockNetworkService.swift in Sources */ = {isa = PBXBuildFile; fileRef = 5D7C606727F2D4C000C196F6 /* MockNetworkService.swift */; };
		5D7C606E27F2D70E00C196F6 /* BooksViewModel.swift in Sources */ = {isa = PBXBuildFile; fileRef = 5D7C606D27F2D70E00C196F6 /* BooksViewModel.swift */; };
		5D7C607027F2D77E00C196F6 /* BooksViewController.swift in Sources */ = {isa = PBXBuildFile; fileRef = 5D7C606F27F2D77E00C196F6 /* BooksViewController.swift */; };
		5D7C607227F2D89100C196F6 /* BooksTableViewCell.swift in Sources */ = {isa = PBXBuildFile; fileRef = 5D7C607127F2D89100C196F6 /* BooksTableViewCell.swift */; };
		5D7C607727F425A200C196F6 /* UIColor+Extensions.swift in Sources */ = {isa = PBXBuildFile; fileRef = 5D7C607627F425A200C196F6 /* UIColor+Extensions.swift */; };
/* End PBXBuildFile section */

/* Begin PBXContainerItemProxy section */
		5D7C602A27F174B600C196F6 /* PBXContainerItemProxy */ = {
			isa = PBXContainerItemProxy;
			containerPortal = 5D7C600B27F174B000C196F6 /* Project object */;
			proxyType = 1;
			remoteGlobalIDString = 5D7C601227F174B000C196F6;
			remoteInfo = NYPL;
		};
		5D7C603427F174B600C196F6 /* PBXContainerItemProxy */ = {
			isa = PBXContainerItemProxy;
			containerPortal = 5D7C600B27F174B000C196F6 /* Project object */;
			proxyType = 1;
			remoteGlobalIDString = 5D7C601227F174B000C196F6;
			remoteInfo = NYPL;
		};
/* End PBXContainerItemProxy section */

/* Begin PBXFileReference section */
		5D7C601327F174B000C196F6 /* NYPL.app */ = {isa = PBXFileReference; explicitFileType = wrapper.application; includeInIndex = 0; path = NYPL.app; sourceTree = BUILT_PRODUCTS_DIR; };
		5D7C601627F174B000C196F6 /* AppDelegate.swift */ = {isa = PBXFileReference; lastKnownFileType = sourcecode.swift; path = AppDelegate.swift; sourceTree = "<group>"; };
		5D7C601827F174B000C196F6 /* SceneDelegate.swift */ = {isa = PBXFileReference; lastKnownFileType = sourcecode.swift; path = SceneDelegate.swift; sourceTree = "<group>"; };
		5D7C601F27F174B500C196F6 /* Assets.xcassets */ = {isa = PBXFileReference; lastKnownFileType = folder.assetcatalog; path = Assets.xcassets; sourceTree = "<group>"; };
		5D7C602227F174B500C196F6 /* Base */ = {isa = PBXFileReference; lastKnownFileType = file.storyboard; name = Base; path = Base.lproj/LaunchScreen.storyboard; sourceTree = "<group>"; };
		5D7C602427F174B500C196F6 /* Info.plist */ = {isa = PBXFileReference; lastKnownFileType = text.plist.xml; path = Info.plist; sourceTree = "<group>"; };
		5D7C602927F174B600C196F6 /* NYPLTests.xctest */ = {isa = PBXFileReference; explicitFileType = wrapper.cfbundle; includeInIndex = 0; path = NYPLTests.xctest; sourceTree = BUILT_PRODUCTS_DIR; };
		5D7C602D27F174B600C196F6 /* NYPLTests.swift */ = {isa = PBXFileReference; lastKnownFileType = sourcecode.swift; path = NYPLTests.swift; sourceTree = "<group>"; };
		5D7C603327F174B600C196F6 /* NYPLUITests.xctest */ = {isa = PBXFileReference; explicitFileType = wrapper.cfbundle; includeInIndex = 0; path = NYPLUITests.xctest; sourceTree = BUILT_PRODUCTS_DIR; };
		5D7C603727F174B600C196F6 /* NYPLUITests.swift */ = {isa = PBXFileReference; lastKnownFileType = sourcecode.swift; path = NYPLUITests.swift; sourceTree = "<group>"; };
		5D7C603927F174B600C196F6 /* NYPLUITestsLaunchTests.swift */ = {isa = PBXFileReference; lastKnownFileType = sourcecode.swift; path = NYPLUITestsLaunchTests.swift; sourceTree = "<group>"; };
		5D7C604B27F2B71400C196F6 /* BookResponse.swift */ = {isa = PBXFileReference; lastKnownFileType = sourcecode.swift; path = BookResponse.swift; sourceTree = "<group>"; };
		5D7C604D27F2B75000C196F6 /* NetworkError.swift */ = {isa = PBXFileReference; lastKnownFileType = sourcecode.swift; path = NetworkError.swift; sourceTree = "<group>"; };
		5D7C604F27F2B79900C196F6 /* NetworkService.swift */ = {isa = PBXFileReference; lastKnownFileType = sourcecode.swift; path = NetworkService.swift; sourceTree = "<group>"; };
		5D7C606227F2D3D000C196F6 /* XCTestCase+Extentions.swift */ = {isa = PBXFileReference; lastKnownFileType = sourcecode.swift; path = "XCTestCase+Extentions.swift"; sourceTree = "<group>"; };
		5D7C606527F2D43500C196F6 /* books.json */ = {isa = PBXFileReference; fileEncoding = 4; lastKnownFileType = text.json; path = books.json; sourceTree = "<group>"; };
		5D7C606727F2D4C000C196F6 /* MockNetworkService.swift */ = {isa = PBXFileReference; lastKnownFileType = sourcecode.swift; path = MockNetworkService.swift; sourceTree = "<group>"; };
		5D7C606D27F2D70E00C196F6 /* BooksViewModel.swift */ = {isa = PBXFileReference; lastKnownFileType = sourcecode.swift; path = BooksViewModel.swift; sourceTree = "<group>"; };
		5D7C606F27F2D77E00C196F6 /* BooksViewController.swift */ = {isa = PBXFileReference; lastKnownFileType = sourcecode.swift; path = BooksViewController.swift; sourceTree = "<group>"; };
		5D7C607127F2D89100C196F6 /* BooksTableViewCell.swift */ = {isa = PBXFileReference; lastKnownFileType = sourcecode.swift; path = BooksTableViewCell.swift; sourceTree = "<group>"; };
		5D7C607627F425A200C196F6 /* UIColor+Extensions.swift */ = {isa = PBXFileReference; lastKnownFileType = sourcecode.swift; path = "UIColor+Extensions.swift"; sourceTree = "<group>"; };
/* End PBXFileReference section */

/* Begin PBXFrameworksBuildPhase section */
		5D7C601027F174B000C196F6 /* Frameworks */ = {
			isa = PBXFrameworksBuildPhase;
			buildActionMask = 2147483647;
			files = (
			);
			runOnlyForDeploymentPostprocessing = 0;
		};
		5D7C602627F174B600C196F6 /* Frameworks */ = {
			isa = PBXFrameworksBuildPhase;
			buildActionMask = 2147483647;
			files = (
			);
			runOnlyForDeploymentPostprocessing = 0;
		};
		5D7C603027F174B600C196F6 /* Frameworks */ = {
			isa = PBXFrameworksBuildPhase;
			buildActionMask = 2147483647;
			files = (
			);
			runOnlyForDeploymentPostprocessing = 0;
		};
/* End PBXFrameworksBuildPhase section */

/* Begin PBXGroup section */
		5D7C600A27F174B000C196F6 = {
			isa = PBXGroup;
			children = (
				5D7C601527F174B000C196F6 /* NYPL */,
				5D7C602C27F174B600C196F6 /* NYPLTests */,
				5D7C603627F174B600C196F6 /* NYPLUITests */,
				5D7C601427F174B000C196F6 /* Products */,
			);
			sourceTree = "<group>";
		};
		5D7C601427F174B000C196F6 /* Products */ = {
			isa = PBXGroup;
			children = (
				5D7C601327F174B000C196F6 /* NYPL.app */,
				5D7C602927F174B600C196F6 /* NYPLTests.xctest */,
				5D7C603327F174B600C196F6 /* NYPLUITests.xctest */,
			);
			name = Products;
			sourceTree = "<group>";
		};
		5D7C601527F174B000C196F6 /* NYPL */ = {
			isa = PBXGroup;
			children = (
				5D7C601627F174B000C196F6 /* AppDelegate.swift */,
				5D7C601827F174B000C196F6 /* SceneDelegate.swift */,
				5D7C605627F2BDF400C196F6 /* Models */,
				5D7C605727F2BE0100C196F6 /* Services */,
				5D7C605827F2BE1200C196F6 /* ViewControllers */,
				5D7C606C27F2D6C600C196F6 /* ViewModels */,
				5D7C607527F4252100C196F6 /* Extensions */,
				5D7C605927F2BE3000C196F6 /* Views */,
				5D7C601F27F174B500C196F6 /* Assets.xcassets */,
				5D7C602127F174B500C196F6 /* LaunchScreen.storyboard */,
				5D7C602427F174B500C196F6 /* Info.plist */,
			);
			path = NYPL;
			sourceTree = "<group>";
		};
		5D7C602C27F174B600C196F6 /* NYPLTests */ = {
			isa = PBXGroup;
			children = (
				5D7C602D27F174B600C196F6 /* NYPLTests.swift */,
				5D7C606927F2D52800C196F6 /* Mocks */,
				5D7C606127F2D3A000C196F6 /* Extensions */,
				5D7C606427F2D3E400C196F6 /* Stubs */,
			);
			path = NYPLTests;
			sourceTree = "<group>";
		};
		5D7C603627F174B600C196F6 /* NYPLUITests */ = {
			isa = PBXGroup;
			children = (
				5D7C603727F174B600C196F6 /* NYPLUITests.swift */,
				5D7C603927F174B600C196F6 /* NYPLUITestsLaunchTests.swift */,
			);
			path = NYPLUITests;
			sourceTree = "<group>";
		};
		5D7C605627F2BDF400C196F6 /* Models */ = {
			isa = PBXGroup;
			children = (
				5D7C604D27F2B75000C196F6 /* NetworkError.swift */,
				5D7C604B27F2B71400C196F6 /* BookResponse.swift */,
			);
			path = Models;
			sourceTree = "<group>";
		};
		5D7C605727F2BE0100C196F6 /* Services */ = {
			isa = PBXGroup;
			children = (
				5D7C604F27F2B79900C196F6 /* NetworkService.swift */,
			);
			path = Services;
			sourceTree = "<group>";
		};
		5D7C605827F2BE1200C196F6 /* ViewControllers */ = {
			isa = PBXGroup;
			children = (
				5D7C606F27F2D77E00C196F6 /* BooksViewController.swift */,
			);
			path = ViewControllers;
			sourceTree = "<group>";
		};
		5D7C605927F2BE3000C196F6 /* Views */ = {
			isa = PBXGroup;
			children = (
				5D7C607127F2D89100C196F6 /* BooksTableViewCell.swift */,
			);
			path = Views;
			sourceTree = "<group>";
		};
		5D7C606127F2D3A000C196F6 /* Extensions */ = {
			isa = PBXGroup;
			children = (
				5D7C606227F2D3D000C196F6 /* XCTestCase+Extentions.swift */,
			);
			path = Extensions;
			sourceTree = "<group>";
		};
		5D7C606427F2D3E400C196F6 /* Stubs */ = {
			isa = PBXGroup;
			children = (
				5D7C606527F2D43500C196F6 /* books.json */,
			);
			path = Stubs;
			sourceTree = "<group>";
		};
		5D7C606927F2D52800C196F6 /* Mocks */ = {
			isa = PBXGroup;
			children = (
				5D7C606727F2D4C000C196F6 /* MockNetworkService.swift */,
			);
			path = Mocks;
			sourceTree = "<group>";
		};
		5D7C606C27F2D6C600C196F6 /* ViewModels */ = {
			isa = PBXGroup;
			children = (
				5D7C606D27F2D70E00C196F6 /* BooksViewModel.swift */,
			);
			path = ViewModels;
			sourceTree = "<group>";
		};
		5D7C607527F4252100C196F6 /* Extensions */ = {
			isa = PBXGroup;
			children = (
				5D7C607627F425A200C196F6 /* UIColor+Extensions.swift */,
			);
			path = Extensions;
			sourceTree = "<group>";
		};
/* End PBXGroup section */

/* Begin PBXNativeTarget section */
		5D7C601227F174B000C196F6 /* NYPL */ = {
			isa = PBXNativeTarget;
			buildConfigurationList = 5D7C603D27F174B600C196F6 /* Build configuration list for PBXNativeTarget "NYPL" */;
			buildPhases = (
				5D7C600F27F174B000C196F6 /* Sources */,
				5D7C601027F174B000C196F6 /* Frameworks */,
				5D7C601127F174B000C196F6 /* Resources */,
			);
			buildRules = (
			);
			dependencies = (
			);
			name = NYPL;
			productName = NYPL;
			productReference = 5D7C601327F174B000C196F6 /* NYPL.app */;
			productType = "com.apple.product-type.application";
		};
		5D7C602827F174B600C196F6 /* NYPLTests */ = {
			isa = PBXNativeTarget;
			buildConfigurationList = 5D7C604027F174B600C196F6 /* Build configuration list for PBXNativeTarget "NYPLTests" */;
			buildPhases = (
				5D7C602527F174B600C196F6 /* Sources */,
				5D7C602627F174B600C196F6 /* Frameworks */,
				5D7C602727F174B600C196F6 /* Resources */,
			);
			buildRules = (
			);
			dependencies = (
				5D7C602B27F174B600C196F6 /* PBXTargetDependency */,
			);
			name = NYPLTests;
			productName = NYPLTests;
			productReference = 5D7C602927F174B600C196F6 /* NYPLTests.xctest */;
			productType = "com.apple.product-type.bundle.unit-test";
		};
		5D7C603227F174B600C196F6 /* NYPLUITests */ = {
			isa = PBXNativeTarget;
			buildConfigurationList = 5D7C604327F174B600C196F6 /* Build configuration list for PBXNativeTarget "NYPLUITests" */;
			buildPhases = (
				5D7C602F27F174B600C196F6 /* Sources */,
				5D7C603027F174B600C196F6 /* Frameworks */,
				5D7C603127F174B600C196F6 /* Resources */,
			);
			buildRules = (
			);
			dependencies = (
				5D7C603527F174B600C196F6 /* PBXTargetDependency */,
			);
			name = NYPLUITests;
			productName = NYPLUITests;
			productReference = 5D7C603327F174B600C196F6 /* NYPLUITests.xctest */;
			productType = "com.apple.product-type.bundle.ui-testing";
		};
/* End PBXNativeTarget section */

/* Begin PBXProject section */
		5D7C600B27F174B000C196F6 /* Project object */ = {
			isa = PBXProject;
			attributes = {
				BuildIndependentTargetsInParallel = 1;
				LastSwiftUpdateCheck = 1310;
				LastUpgradeCheck = 1310;
				TargetAttributes = {
					5D7C601227F174B000C196F6 = {
						CreatedOnToolsVersion = 13.1;
					};
					5D7C602827F174B600C196F6 = {
						CreatedOnToolsVersion = 13.1;
						TestTargetID = 5D7C601227F174B000C196F6;
					};
					5D7C603227F174B600C196F6 = {
						CreatedOnToolsVersion = 13.1;
						TestTargetID = 5D7C601227F174B000C196F6;
					};
				};
			};
			buildConfigurationList = 5D7C600E27F174B000C196F6 /* Build configuration list for PBXProject "NYPL" */;
			compatibilityVersion = "Xcode 13.0";
			developmentRegion = en;
			hasScannedForEncodings = 0;
			knownRegions = (
				en,
				Base,
			);
			mainGroup = 5D7C600A27F174B000C196F6;
			productRefGroup = 5D7C601427F174B000C196F6 /* Products */;
			projectDirPath = "";
			projectRoot = "";
			targets = (
				5D7C601227F174B000C196F6 /* NYPL */,
				5D7C602827F174B600C196F6 /* NYPLTests */,
				5D7C603227F174B600C196F6 /* NYPLUITests */,
			);
		};
/* End PBXProject section */

/* Begin PBXResourcesBuildPhase section */
		5D7C601127F174B000C196F6 /* Resources */ = {
			isa = PBXResourcesBuildPhase;
			buildActionMask = 2147483647;
			files = (
				5D7C602327F174B500C196F6 /* LaunchScreen.storyboard in Resources */,
				5D7C602027F174B500C196F6 /* Assets.xcassets in Resources */,
			);
			runOnlyForDeploymentPostprocessing = 0;
		};
		5D7C602727F174B600C196F6 /* Resources */ = {
			isa = PBXResourcesBuildPhase;
			buildActionMask = 2147483647;
			files = (
				5D7C606627F2D43500C196F6 /* books.json in Resources */,
			);
			runOnlyForDeploymentPostprocessing = 0;
		};
		5D7C603127F174B600C196F6 /* Resources */ = {
			isa = PBXResourcesBuildPhase;
			buildActionMask = 2147483647;
			files = (
			);
			runOnlyForDeploymentPostprocessing = 0;
		};
/* End PBXResourcesBuildPhase section */

/* Begin PBXSourcesBuildPhase section */
		5D7C600F27F174B000C196F6 /* Sources */ = {
			isa = PBXSourcesBuildPhase;
			buildActionMask = 2147483647;
			files = (
				5D7C607727F425A200C196F6 /* UIColor+Extensions.swift in Sources */,
				5D7C607027F2D77E00C196F6 /* BooksViewController.swift in Sources */,
				5D7C604C27F2B71400C196F6 /* BookResponse.swift in Sources */,
				5D7C607227F2D89100C196F6 /* BooksTableViewCell.swift in Sources */,
				5D7C601727F174B000C196F6 /* AppDelegate.swift in Sources */,
				5D7C606E27F2D70E00C196F6 /* BooksViewModel.swift in Sources */,
				5D7C604E27F2B75000C196F6 /* NetworkError.swift in Sources */,
				5D7C605027F2B79900C196F6 /* NetworkService.swift in Sources */,
				5D7C601927F174B000C196F6 /* SceneDelegate.swift in Sources */,
			);
			runOnlyForDeploymentPostprocessing = 0;
		};
		5D7C602527F174B600C196F6 /* Sources */ = {
			isa = PBXSourcesBuildPhase;
			buildActionMask = 2147483647;
			files = (
				5D7C606827F2D4C000C196F6 /* MockNetworkService.swift in Sources */,
				5D7C602E27F174B600C196F6 /* NYPLTests.swift in Sources */,
				5D7C606327F2D3D000C196F6 /* XCTestCase+Extentions.swift in Sources */,
			);
			runOnlyForDeploymentPostprocessing = 0;
		};
		5D7C602F27F174B600C196F6 /* Sources */ = {
			isa = PBXSourcesBuildPhase;
			buildActionMask = 2147483647;
			files = (
				5D7C603827F174B600C196F6 /* NYPLUITests.swift in Sources */,
				5D7C603A27F174B600C196F6 /* NYPLUITestsLaunchTests.swift in Sources */,
			);
			runOnlyForDeploymentPostprocessing = 0;
		};
/* End PBXSourcesBuildPhase section */

/* Begin PBXTargetDependency section */
		5D7C602B27F174B600C196F6 /* PBXTargetDependency */ = {
			isa = PBXTargetDependency;
			target = 5D7C601227F174B000C196F6 /* NYPL */;
			targetProxy = 5D7C602A27F174B600C196F6 /* PBXContainerItemProxy */;
		};
		5D7C603527F174B600C196F6 /* PBXTargetDependency */ = {
			isa = PBXTargetDependency;
			target = 5D7C601227F174B000C196F6 /* NYPL */;
			targetProxy = 5D7C603427F174B600C196F6 /* PBXContainerItemProxy */;
		};
/* End PBXTargetDependency section */

/* Begin PBXVariantGroup section */
		5D7C602127F174B500C196F6 /* LaunchScreen.storyboard */ = {
			isa = PBXVariantGroup;
			children = (
				5D7C602227F174B500C196F6 /* Base */,
			);
			name = LaunchScreen.storyboard;
			sourceTree = "<group>";
		};
/* End PBXVariantGroup section */

/* Begin XCBuildConfiguration section */
		5D7C603B27F174B600C196F6 /* Debug */ = {
			isa = XCBuildConfiguration;
			buildSettings = {
				ALWAYS_SEARCH_USER_PATHS = NO;
				CLANG_ANALYZER_NONNULL = YES;
				CLANG_ANALYZER_NUMBER_OBJECT_CONVERSION = YES_AGGRESSIVE;
				CLANG_CXX_LANGUAGE_STANDARD = "gnu++17";
				CLANG_CXX_LIBRARY = "libc++";
				CLANG_ENABLE_MODULES = YES;
				CLANG_ENABLE_OBJC_ARC = YES;
				CLANG_ENABLE_OBJC_WEAK = YES;
				CLANG_WARN_BLOCK_CAPTURE_AUTORELEASING = YES;
				CLANG_WARN_BOOL_CONVERSION = YES;
				CLANG_WARN_COMMA = YES;
				CLANG_WARN_CONSTANT_CONVERSION = YES;
				CLANG_WARN_DEPRECATED_OBJC_IMPLEMENTATIONS = YES;
				CLANG_WARN_DIRECT_OBJC_ISA_USAGE = YES_ERROR;
				CLANG_WARN_DOCUMENTATION_COMMENTS = YES;
				CLANG_WARN_EMPTY_BODY = YES;
				CLANG_WARN_ENUM_CONVERSION = YES;
				CLANG_WARN_INFINITE_RECURSION = YES;
				CLANG_WARN_INT_CONVERSION = YES;
				CLANG_WARN_NON_LITERAL_NULL_CONVERSION = YES;
				CLANG_WARN_OBJC_IMPLICIT_RETAIN_SELF = YES;
				CLANG_WARN_OBJC_LITERAL_CONVERSION = YES;
				CLANG_WARN_OBJC_ROOT_CLASS = YES_ERROR;
				CLANG_WARN_QUOTED_INCLUDE_IN_FRAMEWORK_HEADER = YES;
				CLANG_WARN_RANGE_LOOP_ANALYSIS = YES;
				CLANG_WARN_STRICT_PROTOTYPES = YES;
				CLANG_WARN_SUSPICIOUS_MOVE = YES;
				CLANG_WARN_UNGUARDED_AVAILABILITY = YES_AGGRESSIVE;
				CLANG_WARN_UNREACHABLE_CODE = YES;
				CLANG_WARN__DUPLICATE_METHOD_MATCH = YES;
				COPY_PHASE_STRIP = NO;
				DEBUG_INFORMATION_FORMAT = dwarf;
				ENABLE_STRICT_OBJC_MSGSEND = YES;
				ENABLE_TESTABILITY = YES;
				GCC_C_LANGUAGE_STANDARD = gnu11;
				GCC_DYNAMIC_NO_PIC = NO;
				GCC_NO_COMMON_BLOCKS = YES;
				GCC_OPTIMIZATION_LEVEL = 0;
				GCC_PREPROCESSOR_DEFINITIONS = (
					"DEBUG=1",
					"$(inherited)",
				);
				GCC_WARN_64_TO_32_BIT_CONVERSION = YES;
				GCC_WARN_ABOUT_RETURN_TYPE = YES_ERROR;
				GCC_WARN_UNDECLARED_SELECTOR = YES;
				GCC_WARN_UNINITIALIZED_AUTOS = YES_AGGRESSIVE;
				GCC_WARN_UNUSED_FUNCTION = YES;
				GCC_WARN_UNUSED_VARIABLE = YES;
				IPHONEOS_DEPLOYMENT_TARGET = 15.0;
				MTL_ENABLE_DEBUG_INFO = INCLUDE_SOURCE;
				MTL_FAST_MATH = YES;
				ONLY_ACTIVE_ARCH = YES;
				SDKROOT = iphoneos;
				SWIFT_ACTIVE_COMPILATION_CONDITIONS = DEBUG;
				SWIFT_OPTIMIZATION_LEVEL = "-Onone";
			};
			name = Debug;
		};
		5D7C603C27F174B600C196F6 /* Release */ = {
			isa = XCBuildConfiguration;
			buildSettings = {
				ALWAYS_SEARCH_USER_PATHS = NO;
				CLANG_ANALYZER_NONNULL = YES;
				CLANG_ANALYZER_NUMBER_OBJECT_CONVERSION = YES_AGGRESSIVE;
				CLANG_CXX_LANGUAGE_STANDARD = "gnu++17";
				CLANG_CXX_LIBRARY = "libc++";
				CLANG_ENABLE_MODULES = YES;
				CLANG_ENABLE_OBJC_ARC = YES;
				CLANG_ENABLE_OBJC_WEAK = YES;
				CLANG_WARN_BLOCK_CAPTURE_AUTORELEASING = YES;
				CLANG_WARN_BOOL_CONVERSION = YES;
				CLANG_WARN_COMMA = YES;
				CLANG_WARN_CONSTANT_CONVERSION = YES;
				CLANG_WARN_DEPRECATED_OBJC_IMPLEMENTATIONS = YES;
				CLANG_WARN_DIRECT_OBJC_ISA_USAGE = YES_ERROR;
				CLANG_WARN_DOCUMENTATION_COMMENTS = YES;
				CLANG_WARN_EMPTY_BODY = YES;
				CLANG_WARN_ENUM_CONVERSION = YES;
				CLANG_WARN_INFINITE_RECURSION = YES;
				CLANG_WARN_INT_CONVERSION = YES;
				CLANG_WARN_NON_LITERAL_NULL_CONVERSION = YES;
				CLANG_WARN_OBJC_IMPLICIT_RETAIN_SELF = YES;
				CLANG_WARN_OBJC_LITERAL_CONVERSION = YES;
				CLANG_WARN_OBJC_ROOT_CLASS = YES_ERROR;
				CLANG_WARN_QUOTED_INCLUDE_IN_FRAMEWORK_HEADER = YES;
				CLANG_WARN_RANGE_LOOP_ANALYSIS = YES;
				CLANG_WARN_STRICT_PROTOTYPES = YES;
				CLANG_WARN_SUSPICIOUS_MOVE = YES;
				CLANG_WARN_UNGUARDED_AVAILABILITY = YES_AGGRESSIVE;
				CLANG_WARN_UNREACHABLE_CODE = YES;
				CLANG_WARN__DUPLICATE_METHOD_MATCH = YES;
				COPY_PHASE_STRIP = NO;
				DEBUG_INFORMATION_FORMAT = "dwarf-with-dsym";
				ENABLE_NS_ASSERTIONS = NO;
				ENABLE_STRICT_OBJC_MSGSEND = YES;
				GCC_C_LANGUAGE_STANDARD = gnu11;
				GCC_NO_COMMON_BLOCKS = YES;
				GCC_WARN_64_TO_32_BIT_CONVERSION = YES;
				GCC_WARN_ABOUT_RETURN_TYPE = YES_ERROR;
				GCC_WARN_UNDECLARED_SELECTOR = YES;
				GCC_WARN_UNINITIALIZED_AUTOS = YES_AGGRESSIVE;
				GCC_WARN_UNUSED_FUNCTION = YES;
				GCC_WARN_UNUSED_VARIABLE = YES;
				IPHONEOS_DEPLOYMENT_TARGET = 15.0;
				MTL_ENABLE_DEBUG_INFO = NO;
				MTL_FAST_MATH = YES;
				SDKROOT = iphoneos;
				SWIFT_COMPILATION_MODE = wholemodule;
				SWIFT_OPTIMIZATION_LEVEL = "-O";
				VALIDATE_PRODUCT = YES;
			};
			name = Release;
		};
		5D7C603E27F174B600C196F6 /* Debug */ = {
			isa = XCBuildConfiguration;
			buildSettings = {
				ASSETCATALOG_COMPILER_APPICON_NAME = AppIcon;
				ASSETCATALOG_COMPILER_GLOBAL_ACCENT_COLOR_NAME = AccentColor;
				CODE_SIGN_STYLE = Automatic;
				CURRENT_PROJECT_VERSION = 1;
				DEVELOPMENT_TEAM = E46Z2WMWDA;
				GENERATE_INFOPLIST_FILE = YES;
				INFOPLIST_FILE = NYPL/Info.plist;
				INFOPLIST_KEY_UIApplicationSupportsIndirectInputEvents = YES;
				INFOPLIST_KEY_UILaunchStoryboardName = LaunchScreen;
				INFOPLIST_KEY_UISupportedInterfaceOrientations = UIInterfaceOrientationPortrait;
				INFOPLIST_KEY_UISupportedInterfaceOrientations_iPad = "UIInterfaceOrientationPortrait UIInterfaceOrientationPortraitUpsideDown UIInterfaceOrientationLandscapeLeft UIInterfaceOrientationLandscapeRight";
				INFOPLIST_KEY_UISupportedInterfaceOrientations_iPhone = "UIInterfaceOrientationPortrait UIInterfaceOrientationLandscapeLeft UIInterfaceOrientationLandscapeRight";
				LD_RUNPATH_SEARCH_PATHS = (
					"$(inherited)",
					"@executable_path/Frameworks",
				);
				MARKETING_VERSION = 1.0;
				PRODUCT_BUNDLE_IDENTIFIER = btrbrand.com.NYPL;
				PRODUCT_NAME = "$(TARGET_NAME)";
				SWIFT_EMIT_LOC_STRINGS = YES;
				SWIFT_VERSION = 5.0;
				TARGETED_DEVICE_FAMILY = 1;
			};
			name = Debug;
		};
		5D7C603F27F174B600C196F6 /* Release */ = {
			isa = XCBuildConfiguration;
			buildSettings = {
				ASSETCATALOG_COMPILER_APPICON_NAME = AppIcon;
				ASSETCATALOG_COMPILER_GLOBAL_ACCENT_COLOR_NAME = AccentColor;
				CODE_SIGN_STYLE = Automatic;
				CURRENT_PROJECT_VERSION = 1;
				DEVELOPMENT_TEAM = E46Z2WMWDA;
				GENERATE_INFOPLIST_FILE = YES;
				INFOPLIST_FILE = NYPL/Info.plist;
				INFOPLIST_KEY_UIApplicationSupportsIndirectInputEvents = YES;
				INFOPLIST_KEY_UILaunchStoryboardName = LaunchScreen;
				INFOPLIST_KEY_UISupportedInterfaceOrientations = UIInterfaceOrientationPortrait;
				INFOPLIST_KEY_UISupportedInterfaceOrientations_iPad = "UIInterfaceOrientationPortrait UIInterfaceOrientationPortraitUpsideDown UIInterfaceOrientationLandscapeLeft UIInterfaceOrientationLandscapeRight";
				INFOPLIST_KEY_UISupportedInterfaceOrientations_iPhone = "UIInterfaceOrientationPortrait UIInterfaceOrientationLandscapeLeft UIInterfaceOrientationLandscapeRight";
				LD_RUNPATH_SEARCH_PATHS = (
					"$(inherited)",
					"@executable_path/Frameworks",
				);
				MARKETING_VERSION = 1.0;
				PRODUCT_BUNDLE_IDENTIFIER = btrbrand.com.NYPL;
				PRODUCT_NAME = "$(TARGET_NAME)";
				SWIFT_EMIT_LOC_STRINGS = YES;
				SWIFT_VERSION = 5.0;
				TARGETED_DEVICE_FAMILY = 1;
			};
			name = Release;
		};
		5D7C604127F174B600C196F6 /* Debug */ = {
			isa = XCBuildConfiguration;
			buildSettings = {
				ALWAYS_EMBED_SWIFT_STANDARD_LIBRARIES = YES;
				BUNDLE_LOADER = "$(TEST_HOST)";
				CODE_SIGN_STYLE = Automatic;
				CURRENT_PROJECT_VERSION = 1;
				DEVELOPMENT_TEAM = E46Z2WMWDA;
				GENERATE_INFOPLIST_FILE = YES;
				IPHONEOS_DEPLOYMENT_TARGET = 15.0;
				LD_RUNPATH_SEARCH_PATHS = (
					"$(inherited)",
					"@executable_path/Frameworks",
					"@loader_path/Frameworks",
				);
				MARKETING_VERSION = 1.0;
				PRODUCT_BUNDLE_IDENTIFIER = btrbrand.com.NYPLTests;
				PRODUCT_NAME = "$(TARGET_NAME)";
				SWIFT_EMIT_LOC_STRINGS = NO;
				SWIFT_VERSION = 5.0;
				TARGETED_DEVICE_FAMILY = "1,2";
				TEST_HOST = "$(BUILT_PRODUCTS_DIR)/NYPL.app/NYPL";
			};
			name = Debug;
		};
		5D7C604227F174B600C196F6 /* Release */ = {
			isa = XCBuildConfiguration;
			buildSettings = {
				ALWAYS_EMBED_SWIFT_STANDARD_LIBRARIES = YES;
				BUNDLE_LOADER = "$(TEST_HOST)";
				CODE_SIGN_STYLE = Automatic;
				CURRENT_PROJECT_VERSION = 1;
				DEVELOPMENT_TEAM = E46Z2WMWDA;
				GENERATE_INFOPLIST_FILE = YES;
				IPHONEOS_DEPLOYMENT_TARGET = 15.0;
				LD_RUNPATH_SEARCH_PATHS = (
					"$(inherited)",
					"@executable_path/Frameworks",
					"@loader_path/Frameworks",
				);
				MARKETING_VERSION = 1.0;
				PRODUCT_BUNDLE_IDENTIFIER = btrbrand.com.NYPLTests;
				PRODUCT_NAME = "$(TARGET_NAME)";
				SWIFT_EMIT_LOC_STRINGS = NO;
				SWIFT_VERSION = 5.0;
				TARGETED_DEVICE_FAMILY = "1,2";
				TEST_HOST = "$(BUILT_PRODUCTS_DIR)/NYPL.app/NYPL";
			};
			name = Release;
		};
		5D7C604427F174B600C196F6 /* Debug */ = {
			isa = XCBuildConfiguration;
			buildSettings = {
				ALWAYS_EMBED_SWIFT_STANDARD_LIBRARIES = YES;
				CODE_SIGN_STYLE = Automatic;
				CURRENT_PROJECT_VERSION = 1;
				DEVELOPMENT_TEAM = E46Z2WMWDA;
				GENERATE_INFOPLIST_FILE = YES;
				LD_RUNPATH_SEARCH_PATHS = (
					"$(inherited)",
					"@executable_path/Frameworks",
					"@loader_path/Frameworks",
				);
				MARKETING_VERSION = 1.0;
				PRODUCT_BUNDLE_IDENTIFIER = btrbrand.com.NYPLUITests;
				PRODUCT_NAME = "$(TARGET_NAME)";
				SWIFT_EMIT_LOC_STRINGS = NO;
				SWIFT_VERSION = 5.0;
				TARGETED_DEVICE_FAMILY = "1,2";
				TEST_TARGET_NAME = NYPL;
			};
			name = Debug;
		};
		5D7C604527F174B600C196F6 /* Release */ = {
			isa = XCBuildConfiguration;
			buildSettings = {
				ALWAYS_EMBED_SWIFT_STANDARD_LIBRARIES = YES;
				CODE_SIGN_STYLE = Automatic;
				CURRENT_PROJECT_VERSION = 1;
				DEVELOPMENT_TEAM = E46Z2WMWDA;
				GENERATE_INFOPLIST_FILE = YES;
				LD_RUNPATH_SEARCH_PATHS = (
					"$(inherited)",
					"@executable_path/Frameworks",
					"@loader_path/Frameworks",
				);
				MARKETING_VERSION = 1.0;
				PRODUCT_BUNDLE_IDENTIFIER = btrbrand.com.NYPLUITests;
				PRODUCT_NAME = "$(TARGET_NAME)";
				SWIFT_EMIT_LOC_STRINGS = NO;
				SWIFT_VERSION = 5.0;
				TARGETED_DEVICE_FAMILY = "1,2";
				TEST_TARGET_NAME = NYPL;
			};
			name = Release;
		};
/* End XCBuildConfiguration section */

/* Begin XCConfigurationList section */
		5D7C600E27F174B000C196F6 /* Build configuration list for PBXProject "NYPL" */ = {
			isa = XCConfigurationList;
			buildConfigurations = (
				5D7C603B27F174B600C196F6 /* Debug */,
				5D7C603C27F174B600C196F6 /* Release */,
			);
			defaultConfigurationIsVisible = 0;
			defaultConfigurationName = Release;
		};
		5D7C603D27F174B600C196F6 /* Build configuration list for PBXNativeTarget "NYPL" */ = {
			isa = XCConfigurationList;
			buildConfigurations = (
				5D7C603E27F174B600C196F6 /* Debug */,
				5D7C603F27F174B600C196F6 /* Release */,
			);
			defaultConfigurationIsVisible = 0;
			defaultConfigurationName = Release;
		};
		5D7C604027F174B600C196F6 /* Build configuration list for PBXNativeTarget "NYPLTests" */ = {
			isa = XCConfigurationList;
			buildConfigurations = (
				5D7C604127F174B600C196F6 /* Debug */,
				5D7C604227F174B600C196F6 /* Release */,
			);
			defaultConfigurationIsVisible = 0;
			defaultConfigurationName = Release;
		};
		5D7C604327F174B600C196F6 /* Build configuration list for PBXNativeTarget "NYPLUITests" */ = {
			isa = XCConfigurationList;
			buildConfigurations = (
				5D7C604427F174B600C196F6 /* Debug */,
				5D7C604527F174B600C196F6 /* Release */,
			);
			defaultConfigurationIsVisible = 0;
			defaultConfigurationName = Release;
		};
/* End XCConfigurationList section */
	};
	rootObject = 5D7C600B27F174B000C196F6 /* Project object */;
}
